
Microsoft Visual Studio Solution File, Format Version 12.00
# Visual Studio Version 17
VisualStudioVersion = 17.3.32819.101
MinimumVisualStudioVersion = 10.0.40219.1
Project("{FAE04EC0-301F-11D3-BF4B-00C04F79EFBC}") = "Flex.Ulysses", "Flex.Ulysses\Flex.Ulysses.csproj", "{E1CC28F3-C792-42A7-A109-CC5F1E927D1C}"
EndProject
Global
	GlobalSection(SolutionConfigurationPlatforms) = preSolution
		Debug|Any CPU = Debug|Any CPU
		Release|Any CPU = Release|Any CPU
	EndGlobalSection
	GlobalSection(ProjectConfigurationPlatforms) = postSolution
		{E1CC28F3-C792-42A7-A109-CC5F1E927D1C}.Debug|Any CPU.ActiveCfg = Debug|Any CPU
		{E1CC28F3-C792-42A7-A109-CC5F1E927D1C}.Debug|Any CPU.Build.0 = Debug|Any CPU
		{E1CC28F3-C792-42A7-A109-CC5F1E927D1C}.Release|Any CPU.ActiveCfg = Release|Any CPU
		{E1CC28F3-C792-42A7-A109-CC5F1E927D1C}.Release|Any CPU.Build.0 = Release|Any CPU
	EndGlobalSection
	GlobalSection(SolutionProperties) = preSolution
		HideSolutionNode = FALSE
	EndGlobalSection
	GlobalSection(ExtensibilityGlobals) = postSolution
		SolutionGuid = {E21724A6-E6CC-4C75-BC52-5FCBA5066EE2}
	EndGlobalSection
EndGlobal
